
Microsoft Visual Studio Solution File, Format Version 12.00
# Visual Studio Version 16
VisualStudioVersion = 16.0.28315.86
MinimumVisualStudioVersion = 10.0.40219.1
Project("{9A19103F-16F7-4668-BE54-9A1E7A4F7556}") = "Lecture1", "Lecture1\Lecture1.csproj", "{9808B2FD-B3AB-42B9-B9F5-767C54DC0C4C}"
EndProject
Project("{9A19103F-16F7-4668-BE54-9A1E7A4F7556}") = "Lecture3", "Lecture3\Lecture3.csproj", "{92EA7A34-3294-4A63-8877-B8639C4AB281}"
EndProject
Project("{9A19103F-16F7-4668-BE54-9A1E7A4F7556}") = "Lecture_3.2", "Lecture_3.2\Lecture_3.2.csproj", "{349669BC-3D92-4397-807D-B69C4047EBF0}"
EndProject
Project("{9A19103F-16F7-4668-BE54-9A1E7A4F7556}") = "Lecture_3.3", "Lecture_3.3\Lecture_3.3.csproj", "{83020CE4-87AD-4D6C-BF92-052B7EF62F30}"
EndProject
Project("{9A19103F-16F7-4668-BE54-9A1E7A4F7556}") = "Zoo", "Zoo\Zoo.csproj", "{06965B9E-D08D-445C-BBAD-4B85C887A28A}"
EndProject
Project("{9A19103F-16F7-4668-BE54-9A1E7A4F7556}") = "ZooTest", "ZooTest\ZooTest.csproj", "{97D99104-F766-4EAF-B565-25D65E1C18B3}"
EndProject
Project("{9A19103F-16F7-4668-BE54-9A1E7A4F7556}") = "Lecture2", "Lecture2\Lecture2.csproj", "{A2DC3AB2-EAA7-4C02-906D-91E6D740FB08}"
EndProject
Project("{9A19103F-16F7-4668-BE54-9A1E7A4F7556}") = "Types", "DataTypes\Types.csproj", "{6F30D550-BCC3-49F5-A7FC-A2C21843220D}"
EndProject
Project("{FAE04EC0-301F-11D3-BF4B-00C04F79EFBC}") = "Demo2.1", "Demo2.1\Demo2.1.csproj", "{0B04EFF1-6DBC-45DF-8B75-22470C2835CB}"
EndProject
Project("{FAE04EC0-301F-11D3-BF4B-00C04F79EFBC}") = "Demo3", "Demo3\Demo3.csproj", "{570BFF67-4F85-4B21-B810-6B585861A87D}"
EndProject
Project("{FAE04EC0-301F-11D3-BF4B-00C04F79EFBC}") = "Basics", "Basics\Basics.csproj", "{658578B9-5391-4C73-BE98-4BAB18334D95}"
EndProject
Project("{FAE04EC0-301F-11D3-BF4B-00C04F79EFBC}") = "LinqSyntaxExample", "LinqSyntaxExample\LinqSyntaxExample.csproj", "{915E0C56-D6EE-4E00-92DB-227EE79086C1}"
EndProject
Project("{FAE04EC0-301F-11D3-BF4B-00C04F79EFBC}") = "ExempelInterfaces", "ExempelInterfaces\ExempelInterfaces.csproj", "{3826071D-8DE4-4E15-9483-320F15DAF780}"
EndProject
Project("{FAE04EC0-301F-11D3-BF4B-00C04F79EFBC}") = "Game", "Game\Game.csproj", "{BEB22FEB-0FC9-46FD-AA81-4A4940DE58DC}"
EndProject
Global
	GlobalSection(SolutionConfigurationPlatforms) = preSolution
		Debug|Any CPU = Debug|Any CPU
		Release|Any CPU = Release|Any CPU
	EndGlobalSection
	GlobalSection(ProjectConfigurationPlatforms) = postSolution
		{9808B2FD-B3AB-42B9-B9F5-767C54DC0C4C}.Debug|Any CPU.ActiveCfg = Debug|Any CPU
		{9808B2FD-B3AB-42B9-B9F5-767C54DC0C4C}.Debug|Any CPU.Build.0 = Debug|Any CPU
		{9808B2FD-B3AB-42B9-B9F5-767C54DC0C4C}.Release|Any CPU.ActiveCfg = Release|Any CPU
		{9808B2FD-B3AB-42B9-B9F5-767C54DC0C4C}.Release|Any CPU.Build.0 = Release|Any CPU
		{92EA7A34-3294-4A63-8877-B8639C4AB281}.Debug|Any CPU.ActiveCfg = Debug|Any CPU
		{92EA7A34-3294-4A63-8877-B8639C4AB281}.Debug|Any CPU.Build.0 = Debug|Any CPU
		{92EA7A34-3294-4A63-8877-B8639C4AB281}.Release|Any CPU.ActiveCfg = Release|Any CPU
		{92EA7A34-3294-4A63-8877-B8639C4AB281}.Release|Any CPU.Build.0 = Release|Any CPU
		{349669BC-3D92-4397-807D-B69C4047EBF0}.Debug|Any CPU.ActiveCfg = Debug|Any CPU
		{349669BC-3D92-4397-807D-B69C4047EBF0}.Debug|Any CPU.Build.0 = Debug|Any CPU
		{349669BC-3D92-4397-807D-B69C4047EBF0}.Release|Any CPU.ActiveCfg = Release|Any CPU
		{349669BC-3D92-4397-807D-B69C4047EBF0}.Release|Any CPU.Build.0 = Release|Any CPU
		{83020CE4-87AD-4D6C-BF92-052B7EF62F30}.Debug|Any CPU.ActiveCfg = Debug|Any CPU
		{83020CE4-87AD-4D6C-BF92-052B7EF62F30}.Debug|Any CPU.Build.0 = Debug|Any CPU
		{83020CE4-87AD-4D6C-BF92-052B7EF62F30}.Release|Any CPU.ActiveCfg = Release|Any CPU
		{83020CE4-87AD-4D6C-BF92-052B7EF62F30}.Release|Any CPU.Build.0 = Release|Any CPU
		{06965B9E-D08D-445C-BBAD-4B85C887A28A}.Debug|Any CPU.ActiveCfg = Debug|Any CPU
		{06965B9E-D08D-445C-BBAD-4B85C887A28A}.Debug|Any CPU.Build.0 = Debug|Any CPU
		{06965B9E-D08D-445C-BBAD-4B85C887A28A}.Release|Any CPU.ActiveCfg = Release|Any CPU
		{06965B9E-D08D-445C-BBAD-4B85C887A28A}.Release|Any CPU.Build.0 = Release|Any CPU
		{97D99104-F766-4EAF-B565-25D65E1C18B3}.Debug|Any CPU.ActiveCfg = Debug|Any CPU
		{97D99104-F766-4EAF-B565-25D65E1C18B3}.Debug|Any CPU.Build.0 = Debug|Any CPU
		{97D99104-F766-4EAF-B565-25D65E1C18B3}.Release|Any CPU.ActiveCfg = Release|Any CPU
		{97D99104-F766-4EAF-B565-25D65E1C18B3}.Release|Any CPU.Build.0 = Release|Any CPU
		{A2DC3AB2-EAA7-4C02-906D-91E6D740FB08}.Debug|Any CPU.ActiveCfg = Debug|Any CPU
		{A2DC3AB2-EAA7-4C02-906D-91E6D740FB08}.Debug|Any CPU.Build.0 = Debug|Any CPU
		{A2DC3AB2-EAA7-4C02-906D-91E6D740FB08}.Release|Any CPU.ActiveCfg = Release|Any CPU
		{A2DC3AB2-EAA7-4C02-906D-91E6D740FB08}.Release|Any CPU.Build.0 = Release|Any CPU
		{6F30D550-BCC3-49F5-A7FC-A2C21843220D}.Debug|Any CPU.ActiveCfg = Debug|Any CPU
		{6F30D550-BCC3-49F5-A7FC-A2C21843220D}.Debug|Any CPU.Build.0 = Debug|Any CPU
		{6F30D550-BCC3-49F5-A7FC-A2C21843220D}.Release|Any CPU.ActiveCfg = Release|Any CPU
		{6F30D550-BCC3-49F5-A7FC-A2C21843220D}.Release|Any CPU.Build.0 = Release|Any CPU
		{0B04EFF1-6DBC-45DF-8B75-22470C2835CB}.Debug|Any CPU.ActiveCfg = Debug|Any CPU
		{0B04EFF1-6DBC-45DF-8B75-22470C2835CB}.Debug|Any CPU.Build.0 = Debug|Any CPU
		{0B04EFF1-6DBC-45DF-8B75-22470C2835CB}.Release|Any CPU.ActiveCfg = Release|Any CPU
		{0B04EFF1-6DBC-45DF-8B75-22470C2835CB}.Release|Any CPU.Build.0 = Release|Any CPU
		{570BFF67-4F85-4B21-B810-6B585861A87D}.Debug|Any CPU.ActiveCfg = Debug|Any CPU
		{570BFF67-4F85-4B21-B810-6B585861A87D}.Debug|Any CPU.Build.0 = Debug|Any CPU
		{570BFF67-4F85-4B21-B810-6B585861A87D}.Release|Any CPU.ActiveCfg = Release|Any CPU
		{570BFF67-4F85-4B21-B810-6B585861A87D}.Release|Any CPU.Build.0 = Release|Any CPU
		{658578B9-5391-4C73-BE98-4BAB18334D95}.Debug|Any CPU.ActiveCfg = Debug|Any CPU
		{658578B9-5391-4C73-BE98-4BAB18334D95}.Debug|Any CPU.Build.0 = Debug|Any CPU
		{658578B9-5391-4C73-BE98-4BAB18334D95}.Release|Any CPU.ActiveCfg = Release|Any CPU
		{658578B9-5391-4C73-BE98-4BAB18334D95}.Release|Any CPU.Build.0 = Release|Any CPU
		{915E0C56-D6EE-4E00-92DB-227EE79086C1}.Debug|Any CPU.ActiveCfg = Debug|Any CPU
		{915E0C56-D6EE-4E00-92DB-227EE79086C1}.Debug|Any CPU.Build.0 = Debug|Any CPU
		{915E0C56-D6EE-4E00-92DB-227EE79086C1}.Release|Any CPU.ActiveCfg = Release|Any CPU
		{915E0C56-D6EE-4E00-92DB-227EE79086C1}.Release|Any CPU.Build.0 = Release|Any CPU
		{3826071D-8DE4-4E15-9483-320F15DAF780}.Debug|Any CPU.ActiveCfg = Debug|Any CPU
		{3826071D-8DE4-4E15-9483-320F15DAF780}.Debug|Any CPU.Build.0 = Debug|Any CPU
		{3826071D-8DE4-4E15-9483-320F15DAF780}.Release|Any CPU.ActiveCfg = Release|Any CPU
		{3826071D-8DE4-4E15-9483-320F15DAF780}.Release|Any CPU.Build.0 = Release|Any CPU
		{BEB22FEB-0FC9-46FD-AA81-4A4940DE58DC}.Debug|Any CPU.ActiveCfg = Debug|Any CPU
		{BEB22FEB-0FC9-46FD-AA81-4A4940DE58DC}.Debug|Any CPU.Build.0 = Debug|Any CPU
		{BEB22FEB-0FC9-46FD-AA81-4A4940DE58DC}.Release|Any CPU.ActiveCfg = Release|Any CPU
		{BEB22FEB-0FC9-46FD-AA81-4A4940DE58DC}.Release|Any CPU.Build.0 = Release|Any CPU
	EndGlobalSection
	GlobalSection(SolutionProperties) = preSolution
		HideSolutionNode = FALSE
	EndGlobalSection
	GlobalSection(ExtensibilityGlobals) = postSolution
		SolutionGuid = {B61C9B72-FB4D-4B83-9010-472E12A36412}
	EndGlobalSection
EndGlobal
