
Microsoft Visual Studio Solution File, Format Version 12.00
# Visual Studio 15
VisualStudioVersion = 15.0.28010.2036
MinimumVisualStudioVersion = 10.0.40219.1
Project("{9A19103F-16F7-4668-BE54-9A1E7A4F7556}") = "Lecture1", "Lecture1\Lecture1.csproj", "{9808B2FD-B3AB-42B9-B9F5-767C54DC0C4C}"
EndProject
Project("{FAE04EC0-301F-11D3-BF4B-00C04F79EFBC}") = "Lecture3", "Lecture3\Lecture3.csproj", "{92EA7A34-3294-4A63-8877-B8639C4AB281}"
EndProject
Project("{FAE04EC0-301F-11D3-BF4B-00C04F79EFBC}") = "Lecture_3.2", "Lecture_3.2\Lecture_3.2.csproj", "{349669BC-3D92-4397-807D-B69C4047EBF0}"
EndProject
Project("{FAE04EC0-301F-11D3-BF4B-00C04F79EFBC}") = "Lecture_3.3", "Lecture_3.3\Lecture_3.3.csproj", "{83020CE4-87AD-4D6C-BF92-052B7EF62F30}"
EndProject
Global
	GlobalSection(SolutionConfigurationPlatforms) = preSolution
		Debug|Any CPU = Debug|Any CPU
		Release|Any CPU = Release|Any CPU
	EndGlobalSection
	GlobalSection(ProjectConfigurationPlatforms) = postSolution
		{9808B2FD-B3AB-42B9-B9F5-767C54DC0C4C}.Debug|Any CPU.ActiveCfg = Debug|Any CPU
		{9808B2FD-B3AB-42B9-B9F5-767C54DC0C4C}.Debug|Any CPU.Build.0 = Debug|Any CPU
		{9808B2FD-B3AB-42B9-B9F5-767C54DC0C4C}.Release|Any CPU.ActiveCfg = Release|Any CPU
		{9808B2FD-B3AB-42B9-B9F5-767C54DC0C4C}.Release|Any CPU.Build.0 = Release|Any CPU
		{92EA7A34-3294-4A63-8877-B8639C4AB281}.Debug|Any CPU.ActiveCfg = Debug|Any CPU
		{92EA7A34-3294-4A63-8877-B8639C4AB281}.Debug|Any CPU.Build.0 = Debug|Any CPU
		{92EA7A34-3294-4A63-8877-B8639C4AB281}.Release|Any CPU.ActiveCfg = Release|Any CPU
		{92EA7A34-3294-4A63-8877-B8639C4AB281}.Release|Any CPU.Build.0 = Release|Any CPU
		{349669BC-3D92-4397-807D-B69C4047EBF0}.Debug|Any CPU.ActiveCfg = Debug|Any CPU
		{349669BC-3D92-4397-807D-B69C4047EBF0}.Debug|Any CPU.Build.0 = Debug|Any CPU
		{349669BC-3D92-4397-807D-B69C4047EBF0}.Release|Any CPU.ActiveCfg = Release|Any CPU
		{349669BC-3D92-4397-807D-B69C4047EBF0}.Release|Any CPU.Build.0 = Release|Any CPU
		{83020CE4-87AD-4D6C-BF92-052B7EF62F30}.Debug|Any CPU.ActiveCfg = Debug|Any CPU
		{83020CE4-87AD-4D6C-BF92-052B7EF62F30}.Debug|Any CPU.Build.0 = Debug|Any CPU
		{83020CE4-87AD-4D6C-BF92-052B7EF62F30}.Release|Any CPU.ActiveCfg = Release|Any CPU
		{83020CE4-87AD-4D6C-BF92-052B7EF62F30}.Release|Any CPU.Build.0 = Release|Any CPU
	EndGlobalSection
	GlobalSection(SolutionProperties) = preSolution
		HideSolutionNode = FALSE
	EndGlobalSection
	GlobalSection(ExtensibilityGlobals) = postSolution
		SolutionGuid = {B61C9B72-FB4D-4B83-9010-472E12A36412}
	EndGlobalSection
EndGlobal
